Microsoft Visual Studio Solution File, Format Version 12.00
# Visual Studio Version 16
VisualStudioVersion = 16.0.0.0
MinimumVisualStudioVersion = 16.0.0.0
Project("{9A19103F-16F7-4668-BE54-9A1E7A4F7556}") = "ShamsAlShamoos01.Client.Server", "Server\ShamsAlShamoos01.Client.Server.csproj", "{B7FAC24F-CC72-4F2C-B205-F19DAEFD1070}"
EndProject
Project("{9A19103F-16F7-4668-BE54-9A1E7A4F7556}") = "ShamsAlShamoos01.Client.Client", "Client\ShamsAlShamoos01.Client.Client.csproj", "{60B9AC81-915C-4D52-86AC-AE9C52FEA0E1}"
EndProject
Project("{9A19103F-16F7-4668-BE54-9A1E7A4F7556}") = "ShamsAlShamoos01.Client.Shared", "Shared\ShamsAlShamoos01.Client.Shared.csproj", "{8E658700-DEA0-4D8B-9840-B998C07D6A37}"
EndProject
Global
	GlobalSection(SolutionConfigurationPlatforms) = preSolution
		Debug|Any CPU = Debug|Any CPU
		Debug|x64 = Debug|x64
		Debug|x86 = Debug|x86
		Release|Any CPU = Release|Any CPU
		Release|x64 = Release|x64
		Release|x86 = Release|x86
	EndGlobalSection
	GlobalSection(ProjectConfigurationPlatforms) = postSolution
		{60B9AC81-915C-4D52-86AC-AE9C52FEA0E1}.Debug|Any CPU.ActiveCfg = Debug|Any CPU
		{60B9AC81-915C-4D52-86AC-AE9C52FEA0E1}.Debug|Any CPU.Build.0 = Debug|Any CPU
		{60B9AC81-915C-4D52-86AC-AE9C52FEA0E1}.Debug|x64.ActiveCfg = Debug|Any CPU
		{60B9AC81-915C-4D52-86AC-AE9C52FEA0E1}.Debug|x64.Build.0 = Debug|Any CPU
		{60B9AC81-915C-4D52-86AC-AE9C52FEA0E1}.Debug|x86.ActiveCfg = Debug|Any CPU
		{60B9AC81-915C-4D52-86AC-AE9C52FEA0E1}.Debug|x86.Build.0 = Debug|Any CPU
		{60B9AC81-915C-4D52-86AC-AE9C52FEA0E1}.Release|Any CPU.ActiveCfg = Release|Any CPU
		{60B9AC81-915C-4D52-86AC-AE9C52FEA0E1}.Release|Any CPU.Build.0 = Release|Any CPU
		{60B9AC81-915C-4D52-86AC-AE9C52FEA0E1}.Release|x64.ActiveCfg = Release|Any CPU
		{60B9AC81-915C-4D52-86AC-AE9C52FEA0E1}.Release|x64.Build.0 = Release|Any CPU
		{60B9AC81-915C-4D52-86AC-AE9C52FEA0E1}.Release|x86.ActiveCfg = Release|Any CPU
		{60B9AC81-915C-4D52-86AC-AE9C52FEA0E1}.Release|x86.Build.0 = Release|Any CPU
		{B7FAC24F-CC72-4F2C-B205-F19DAEFD1070}.Debug|Any CPU.ActiveCfg = Debug|Any CPU
		{B7FAC24F-CC72-4F2C-B205-F19DAEFD1070}.Debug|Any CPU.Build.0 = Debug|Any CPU
		{B7FAC24F-CC72-4F2C-B205-F19DAEFD1070}.Debug|x64.ActiveCfg = Debug|Any CPU
		{B7FAC24F-CC72-4F2C-B205-F19DAEFD1070}.Debug|x64.Build.0 = Debug|Any CPU
		{B7FAC24F-CC72-4F2C-B205-F19DAEFD1070}.Debug|x86.ActiveCfg = Debug|Any CPU
		{B7FAC24F-CC72-4F2C-B205-F19DAEFD1070}.Debug|x86.Build.0 = Debug|Any CPU
		{B7FAC24F-CC72-4F2C-B205-F19DAEFD1070}.Release|Any CPU.ActiveCfg = Release|Any CPU
		{B7FAC24F-CC72-4F2C-B205-F19DAEFD1070}.Release|Any CPU.Build.0 = Release|Any CPU
		{B7FAC24F-CC72-4F2C-B205-F19DAEFD1070}.Release|x64.ActiveCfg = Release|Any CPU
		{B7FAC24F-CC72-4F2C-B205-F19DAEFD1070}.Release|x64.Build.0 = Release|Any CPU
		{B7FAC24F-CC72-4F2C-B205-F19DAEFD1070}.Release|x86.ActiveCfg = Release|Any CPU
		{B7FAC24F-CC72-4F2C-B205-F19DAEFD1070}.Release|x86.Build.0 = Release|Any CPU
		{8E658700-DEA0-4D8B-9840-B998C07D6A37}.Debug|Any CPU.ActiveCfg = Debug|Any CPU
		{8E658700-DEA0-4D8B-9840-B998C07D6A37}.Debug|Any CPU.Build.0 = Debug|Any CPU
		{8E658700-DEA0-4D8B-9840-B998C07D6A37}.Debug|x64.ActiveCfg = Debug|Any CPU
		{8E658700-DEA0-4D8B-9840-B998C07D6A37}.Debug|x64.Build.0 = Debug|Any CPU
		{8E658700-DEA0-4D8B-9840-B998C07D6A37}.Debug|x86.ActiveCfg = Debug|Any CPU
		{8E658700-DEA0-4D8B-9840-B998C07D6A37}.Debug|x86.Build.0 = Debug|Any CPU
		{8E658700-DEA0-4D8B-9840-B998C07D6A37}.Release|Any CPU.ActiveCfg = Release|Any CPU
		{8E658700-DEA0-4D8B-9840-B998C07D6A37}.Release|Any CPU.Build.0 = Release|Any CPU
		{8E658700-DEA0-4D8B-9840-B998C07D6A37}.Release|x64.ActiveCfg = Release|Any CPU
		{8E658700-DEA0-4D8B-9840-B998C07D6A37}.Release|x64.Build.0 = Release|Any CPU
		{8E658700-DEA0-4D8B-9840-B998C07D6A37}.Release|x86.ActiveCfg = Release|Any CPU
		{8E658700-DEA0-4D8B-9840-B998C07D6A37}.Release|x86.Build.0 = Release|Any CPU
	EndGlobalSection
	GlobalSection(SolutionProperties) = preSolution
		HideSolutionNode = FALSE
	EndGlobalSection
	GlobalSection(ExtensibilityGlobals) = postSolution
		SolutionGuid = {50C9DA6C-A38C-49CC-9F91-B3E5CB170749}
	EndGlobalSection
EndGlobal